// !$*UTF8*$!
{
	archiveVersion = 1;
	classes = {
	};
	objectVersion = 77;
	objects = {

/* Begin PBXBuildFile section */
		0E24157A3030DE17008CF01E /* MainTabView in Frameworks */ = {isa = PBXBuildFile; productRef = 0E2415793030DE17008CF01E /* MainTabView */; };
		0E24157D3030DE4F008CF01E /* RootView in Frameworks */ = {isa = PBXBuildFile; productRef = 0E24157C3030DE4F008CF01E /* RootView */; };
		0E32F22C3030EAA5000D72C0 /* AppDI in Frameworks */ = {isa = PBXBuildFile; productRef = 0E32F22B3030EAA5000D72C0 /* AppDI */; };
		0E6D71B430121B8900521F65 /* Swinject in Frameworks */ = {isa = PBXBuildFile; productRef = 0E6D71B330121B8900521F65 /* Swinject */; };
		0E6D72403012819500521F65 /* Authorization in Frameworks */ = {isa = PBXBuildFile; productRef = 0E6D723F3012819500521F65 /* Authorization */; };
		0E6D72423012819800521F65 /* AuthorizationData in Frameworks */ = {isa = PBXBuildFile; productRef = 0E6D72413012819800521F65 /* AuthorizationData */; };
		0E6D72443012819D00521F65 /* AuthorizationDomain in Frameworks */ = {isa = PBXBuildFile; productRef = 0E6D72433012819D00521F65 /* AuthorizationDomain */; };
		0E9494D43030F07000074F89 /* WelcomeView in Frameworks */ = {isa = PBXBuildFile; productRef = 0E9494D33030F07000074F89 /* WelcomeView */; };
		0EA6729A301A33A900391702 /* Account in Frameworks */ = {isa = PBXBuildFile; productRef = 0EA67299301A33A900391702 /* Account */; };
		0EA6729C301A33AC00391702 /* AccountData in Frameworks */ = {isa = PBXBuildFile; productRef = 0EA6729B301A33AC00391702 /* AccountData */; };
		0EA6729E301A33AF00391702 /* AccountDomain in Frameworks */ = {isa = PBXBuildFile; productRef = 0EA6729D301A33AF00391702 /* AccountDomain */; };
		0EC181413010E860005B9337 /* Core in Frameworks */ = {isa = PBXBuildFile; productRef = 0EC181403010E860005B9337 /* Core */; };
		0EDE7FAA302E0279006DA7C3 /* AppSession in Frameworks */ = {isa = PBXBuildFile; productRef = 0EDE7FA9302E0279006DA7C3 /* AppSession */; };
/* End PBXBuildFile section */

/* Begin PBXContainerItemProxy section */
		0E3345EE300F7DF00032FFD1 /* PBXContainerItemProxy */ = {
			isa = PBXContainerItemProxy;
			containerPortal = 0E3345D8300F7DEE0032FFD1 /* Project object */;
			proxyType = 1;
			remoteGlobalIDString = 0E3345DF300F7DEE0032FFD1;
			remoteInfo = FinanceManager;
		};
		0E3345F8300F7DF00032FFD1 /* PBXContainerItemProxy */ = {
			isa = PBXContainerItemProxy;
			containerPortal = 0E3345D8300F7DEE0032FFD1 /* Project object */;
			proxyType = 1;
			remoteGlobalIDString = 0E3345DF300F7DEE0032FFD1;
			remoteInfo = FinanceManager;
		};
/* End PBXContainerItemProxy section */

/* Begin PBXFileReference section */
		0E3345E0300F7DEE0032FFD1 /* FinanceManager.app */ = {isa = PBXFileReference; explicitFileType = wrapper.application; includeInIndex = 0; path = FinanceManager.app; sourceTree = BUILT_PRODUCTS_DIR; };
		0E3345ED300F7DF00032FFD1 /* FinanceManagerTests.xctest */ = {isa = PBXFileReference; explicitFileType = wrapper.cfbundle; includeInIndex = 0; path = FinanceManagerTests.xctest; sourceTree = BUILT_PRODUCTS_DIR; };
		0E3345F7300F7DF00032FFD1 /* FinanceManagerUITests.xctest */ = {isa = PBXFileReference; explicitFileType = wrapper.cfbundle; includeInIndex = 0; path = FinanceManagerUITests.xctest; sourceTree = BUILT_PRODUCTS_DIR; };
/* End PBXFileReference section */

/* Begin PBXFileSystemSynchronizedBuildFileExceptionSet section */
		0E33460D300F8D9C0032FFD1 /* Exceptions for "FinanceManager" folder in "FinanceManager" target */ = {
			isa = PBXFileSystemSynchronizedBuildFileExceptionSet;
			membershipExceptions = (
				Packages/AppDI,
				Packages/AppSession,
				Packages/Core,
				Packages/Main/MainTabView,
				Packages/Main/RootView,
				Packages/Main/WelcomeView,
				Resources/Info.plist,
			);
			target = 0E3345DF300F7DEE0032FFD1 /* FinanceManager */;
		};
/* End PBXFileSystemSynchronizedBuildFileExceptionSet section */

/* Begin PBXFileSystemSynchronizedRootGroup section */
		0E3345E2300F7DEE0032FFD1 /* FinanceManager */ = {
			isa = PBXFileSystemSynchronizedRootGroup;
			exceptions = (
				0E33460D300F8D9C0032FFD1 /* Exceptions for "FinanceManager" folder in "FinanceManager" target */,
			);
			path = FinanceManager;
			sourceTree = "<group>";
		};
		0E3345F0300F7DF00032FFD1 /* FinanceManagerTests */ = {
			isa = PBXFileSystemSynchronizedRootGroup;
			path = FinanceManagerTests;
			sourceTree = "<group>";
		};
		0E3345FA300F7DF00032FFD1 /* FinanceManagerUITests */ = {
			isa = PBXFileSystemSynchronizedRootGroup;
			path = FinanceManagerUITests;
			sourceTree = "<group>";
		};
/* End PBXFileSystemSynchronizedRootGroup section */

/* Begin PBXFrameworksBuildPhase section */
		0E3345DD300F7DEE0032FFD1 /* Frameworks */ = {
			isa = PBXFrameworksBuildPhase;
			buildActionMask = 2147483647;
			files = (
				0E24157A3030DE17008CF01E /* MainTabView in Frameworks */,
				0E6D72443012819D00521F65 /* AuthorizationDomain in Frameworks */,
				0E24157D3030DE4F008CF01E /* RootView in Frameworks */,
				0E32F22C3030EAA5000D72C0 /* AppDI in Frameworks */,
				0EA6729E301A33AF00391702 /* AccountDomain in Frameworks */,
				0E6D72423012819800521F65 /* AuthorizationData in Frameworks */,
				0E6D71B430121B8900521F65 /* Swinject in Frameworks */,
				0EA6729A301A33A900391702 /* Account in Frameworks */,
				0E6D72403012819500521F65 /* Authorization in Frameworks */,
				0EDE7FAA302E0279006DA7C3 /* AppSession in Frameworks */,
				0EA6729C301A33AC00391702 /* AccountData in Frameworks */,
				0E9494D43030F07000074F89 /* WelcomeView in Frameworks */,
				0EC181413010E860005B9337 /* Core in Frameworks */,
			);
			runOnlyForDeploymentPostprocessing = 0;
		};
		0E3345EA300F7DF00032FFD1 /* Frameworks */ = {
			isa = PBXFrameworksBuildPhase;
			buildActionMask = 2147483647;
			files = (
			);
			runOnlyForDeploymentPostprocessing = 0;
		};
		0E3345F4300F7DF00032FFD1 /* Frameworks */ = {
			isa = PBXFrameworksBuildPhase;
			buildActionMask = 2147483647;
			files = (
			);
			runOnlyForDeploymentPostprocessing = 0;
		};
/* End PBXFrameworksBuildPhase section */

/* Begin PBXGroup section */
		0E3345D7300F7DEE0032FFD1 = {
			isa = PBXGroup;
			children = (
				0E3345E2300F7DEE0032FFD1 /* FinanceManager */,
				0E3345F0300F7DF00032FFD1 /* FinanceManagerTests */,
				0E3345FA300F7DF00032FFD1 /* FinanceManagerUITests */,
				0EC1813B3010E859005B9337 /* Frameworks */,
				0E3345E1300F7DEE0032FFD1 /* Products */,
			);
			sourceTree = "<group>";
		};
		0E3345E1300F7DEE0032FFD1 /* Products */ = {
			isa = PBXGroup;
			children = (
				0E3345E0300F7DEE0032FFD1 /* FinanceManager.app */,
				0E3345ED300F7DF00032FFD1 /* FinanceManagerTests.xctest */,
				0E3345F7300F7DF00032FFD1 /* FinanceManagerUITests.xctest */,
			);
			name = Products;
			sourceTree = "<group>";
		};
		0EC1813B3010E859005B9337 /* Frameworks */ = {
			isa = PBXGroup;
			children = (
			);
			name = Frameworks;
			sourceTree = "<group>";
		};
/* End PBXGroup section */

/* Begin PBXNativeTarget section */
		0E3345DF300F7DEE0032FFD1 /* FinanceManager */ = {
			isa = PBXNativeTarget;
			buildConfigurationList = 0E334601300F7DF00032FFD1 /* Build configuration list for PBXNativeTarget "FinanceManager" */;
			buildPhases = (
				0E3345DC300F7DEE0032FFD1 /* Sources */,
				0E3345DD300F7DEE0032FFD1 /* Frameworks */,
				0E3345DE300F7DEE0032FFD1 /* Resources */,
			);
			buildRules = (
			);
			dependencies = (
			);
			fileSystemSynchronizedGroups = (
				0E3345E2300F7DEE0032FFD1 /* FinanceManager */,
			);
			name = FinanceManager;
			packageProductDependencies = (
				0EC181403010E860005B9337 /* Core */,
				0E6D71B330121B8900521F65 /* Swinject */,
				0E6D723F3012819500521F65 /* Authorization */,
				0E6D72413012819800521F65 /* AuthorizationData */,
				0E6D72433012819D00521F65 /* AuthorizationDomain */,
				0EA67299301A33A900391702 /* Account */,
				0EA6729B301A33AC00391702 /* AccountData */,
				0EA6729D301A33AF00391702 /* AccountDomain */,
				0EDE7FA9302E0279006DA7C3 /* AppSession */,
				0E2415793030DE17008CF01E /* MainTabView */,
				0E24157C3030DE4F008CF01E /* RootView */,
				0E32F22B3030EAA5000D72C0 /* AppDI */,
				0E9494D33030F07000074F89 /* WelcomeView */,
			);
			productName = FinanceManager;
			productReference = 0E3345E0300F7DEE0032FFD1 /* FinanceManager.app */;
			productType = "com.apple.product-type.application";
		};
		0E3345EC300F7DF00032FFD1 /* FinanceManagerTests */ = {
			isa = PBXNativeTarget;
			buildConfigurationList = 0E334604300F7DF00032FFD1 /* Build configuration list for PBXNativeTarget "FinanceManagerTests" */;
			buildPhases = (
				0E3345E9300F7DF00032FFD1 /* Sources */,
				0E3345EA300F7DF00032FFD1 /* Frameworks */,
				0E3345EB300F7DF00032FFD1 /* Resources */,
			);
			buildRules = (
			);
			dependencies = (
				0E3345EF300F7DF00032FFD1 /* PBXTargetDependency */,
			);
			fileSystemSynchronizedGroups = (
				0E3345F0300F7DF00032FFD1 /* FinanceManagerTests */,
			);
			name = FinanceManagerTests;
			packageProductDependencies = (
			);
			productName = FinanceManagerTests;
			productReference = 0E3345ED300F7DF00032FFD1 /* FinanceManagerTests.xctest */;
			productType = "com.apple.product-type.bundle.unit-test";
		};
		0E3345F6300F7DF00032FFD1 /* FinanceManagerUITests */ = {
			isa = PBXNativeTarget;
			buildConfigurationList = 0E334607300F7DF00032FFD1 /* Build configuration list for PBXNativeTarget "FinanceManagerUITests" */;
			buildPhases = (
				0E3345F3300F7DF00032FFD1 /* Sources */,
				0E3345F4300F7DF00032FFD1 /* Frameworks */,
				0E3345F5300F7DF00032FFD1 /* Resources */,
			);
			buildRules = (
			);
			dependencies = (
				0E3345F9300F7DF00032FFD1 /* PBXTargetDependency */,
			);
			fileSystemSynchronizedGroups = (
				0E3345FA300F7DF00032FFD1 /* FinanceManagerUITests */,
			);
			name = FinanceManagerUITests;
			packageProductDependencies = (
			);
			productName = FinanceManagerUITests;
			productReference = 0E3345F7300F7DF00032FFD1 /* FinanceManagerUITests.xctest */;
			productType = "com.apple.product-type.bundle.ui-testing";
		};
/* End PBXNativeTarget section */

/* Begin PBXProject section */
		0E3345D8300F7DEE0032FFD1 /* Project object */ = {
			isa = PBXProject;
			attributes = {
				BuildIndependentTargetsInParallel = 1;
				LastSwiftUpdateCheck = 2620;
				LastUpgradeCheck = 2620;
				TargetAttributes = {
					0E3345DF300F7DEE0032FFD1 = {
						CreatedOnToolsVersion = 26.2;
					};
					0E3345EC300F7DF00032FFD1 = {
						CreatedOnToolsVersion = 26.2;
						TestTargetID = 0E3345DF300F7DEE0032FFD1;
					};
					0E3345F6300F7DF00032FFD1 = {
						CreatedOnToolsVersion = 26.2;
						TestTargetID = 0E3345DF300F7DEE0032FFD1;
					};
				};
			};
			buildConfigurationList = 0E3345DB300F7DEE0032FFD1 /* Build configuration list for PBXProject "FinanceManager" */;
			developmentRegion = en;
			hasScannedForEncodings = 0;
			knownRegions = (
				en,
				Base,
			);
			mainGroup = 0E3345D7300F7DEE0032FFD1;
			minimizedProjectReferenceProxies = 1;
			packageReferences = (
				0E6D71B230121B6A00521F65 /* XCRemoteSwiftPackageReference "Swinject" */,
			);
			preferredProjectObjectVersion = 77;
			productRefGroup = 0E3345E1300F7DEE0032FFD1 /* Products */;
			projectDirPath = "";
			projectRoot = "";
			targets = (
				0E3345DF300F7DEE0032FFD1 /* FinanceManager */,
				0E3345EC300F7DF00032FFD1 /* FinanceManagerTests */,
				0E3345F6300F7DF00032FFD1 /* FinanceManagerUITests */,
			);
		};
/* End PBXProject section */

/* Begin PBXResourcesBuildPhase section */
		0E3345DE300F7DEE0032FFD1 /* Resources */ = {
			isa = PBXResourcesBuildPhase;
			buildActionMask = 2147483647;
			files = (
			);
			runOnlyForDeploymentPostprocessing = 0;
		};
		0E3345EB300F7DF00032FFD1 /* Resources */ = {
			isa = PBXResourcesBuildPhase;
			buildActionMask = 2147483647;
			files = (
			);
			runOnlyForDeploymentPostprocessing = 0;
		};
		0E3345F5300F7DF00032FFD1 /* Resources */ = {
			isa = PBXResourcesBuildPhase;
			buildActionMask = 2147483647;
			files = (
			);
			runOnlyForDeploymentPostprocessing = 0;
		};
/* End PBXResourcesBuildPhase section */

/* Begin PBXSourcesBuildPhase section */
		0E3345DC300F7DEE0032FFD1 /* Sources */ = {
			isa = PBXSourcesBuildPhase;
			buildActionMask = 2147483647;
			files = (
			);
			runOnlyForDeploymentPostprocessing = 0;
		};
		0E3345E9300F7DF00032FFD1 /* Sources */ = {
			isa = PBXSourcesBuildPhase;
			buildActionMask = 2147483647;
			files = (
			);
			runOnlyForDeploymentPostprocessing = 0;
		};
		0E3345F3300F7DF00032FFD1 /* Sources */ = {
			isa = PBXSourcesBuildPhase;
			buildActionMask = 2147483647;
			files = (
			);
			runOnlyForDeploymentPostprocessing = 0;
		};
/* End PBXSourcesBuildPhase section */

/* Begin PBXTargetDependency section */
		0E3345EF300F7DF00032FFD1 /* PBXTargetDependency */ = {
			isa = PBXTargetDependency;
			target = 0E3345DF300F7DEE0032FFD1 /* FinanceManager */;
			targetProxy = 0E3345EE300F7DF00032FFD1 /* PBXContainerItemProxy */;
		};
		0E3345F9300F7DF00032FFD1 /* PBXTargetDependency */ = {
			isa = PBXTargetDependency;
			target = 0E3345DF300F7DEE0032FFD1 /* FinanceManager */;
			targetProxy = 0E3345F8300F7DF00032FFD1 /* PBXContainerItemProxy */;
		};
/* End PBXTargetDependency section */

/* Begin XCBuildConfiguration section */
		0E3345FF300F7DF00032FFD1 /* Debug */ = {
			isa = XCBuildConfiguration;
			buildSettings = {
				ALWAYS_SEARCH_USER_PATHS = NO;
				ASSETCATALOG_COMPILER_GENERATE_SWIFT_ASSET_SYMBOL_EXTENSIONS = YES;
				CLANG_ANALYZER_NONNULL = YES;
				CLANG_ANALYZER_NUMBER_OBJECT_CONVERSION = YES_AGGRESSIVE;
				CLANG_CXX_LANGUAGE_STANDARD = "gnu++20";
				CLANG_ENABLE_MODULES = YES;
				CLANG_ENABLE_OBJC_ARC = YES;
				CLANG_ENABLE_OBJC_WEAK = YES;
				CLANG_WARN_BLOCK_CAPTURE_AUTORELEASING = YES;
				CLANG_WARN_BOOL_CONVERSION = YES;
				CLANG_WARN_COMMA = YES;
				CLANG_WARN_CONSTANT_CONVERSION = YES;
				CLANG_WARN_DEPRECATED_OBJC_IMPLEMENTATIONS = YES;
				CLANG_WARN_DIRECT_OBJC_ISA_USAGE = YES_ERROR;
				CLANG_WARN_DOCUMENTATION_COMMENTS = YES;
				CLANG_WARN_EMPTY_BODY = YES;
				CLANG_WARN_ENUM_CONVERSION = YES;
				CLANG_WARN_INFINITE_RECURSION = YES;
				CLANG_WARN_INT_CONVERSION = YES;
				CLANG_WARN_NON_LITERAL_NULL_CONVERSION = YES;
				CLANG_WARN_OBJC_IMPLICIT_RETAIN_SELF = YES;
				CLANG_WARN_OBJC_LITERAL_CONVERSION = YES;
				CLANG_WARN_OBJC_ROOT_CLASS = YES_ERROR;
				CLANG_WARN_QUOTED_INCLUDE_IN_FRAMEWORK_HEADER = YES;
				CLANG_WARN_RANGE_LOOP_ANALYSIS = YES;
				CLANG_WARN_STRICT_PROTOTYPES = YES;
				CLANG_WARN_SUSPICIOUS_MOVE = YES;
				CLANG_WARN_UNGUARDED_AVAILABILITY = YES_AGGRESSIVE;
				CLANG_WARN_UNREACHABLE_CODE = YES;
				CLANG_WARN__DUPLICATE_METHOD_MATCH = YES;
				COPY_PHASE_STRIP = NO;
				DEBUG_INFORMATION_FORMAT = dwarf;
				DEVELOPMENT_TEAM = 86SKTK882J;
				ENABLE_STRICT_OBJC_MSGSEND = YES;
				ENABLE_TESTABILITY = YES;
				ENABLE_USER_SCRIPT_SANDBOXING = YES;
				GCC_C_LANGUAGE_STANDARD = gnu17;
				GCC_DYNAMIC_NO_PIC = NO;
				GCC_NO_COMMON_BLOCKS = YES;
				GCC_OPTIMIZATION_LEVEL = 0;
				GCC_PREPROCESSOR_DEFINITIONS = (
					"DEBUG=1",
					"$(inherited)",
				);
				GCC_WARN_64_TO_32_BIT_CONVERSION = YES;
				GCC_WARN_ABOUT_RETURN_TYPE = YES_ERROR;
				GCC_WARN_UNDECLARED_SELECTOR = YES;
				GCC_WARN_UNINITIALIZED_AUTOS = YES_AGGRESSIVE;
				GCC_WARN_UNUSED_FUNCTION = YES;
				GCC_WARN_UNUSED_VARIABLE = YES;
				IPHONEOS_DEPLOYMENT_TARGET = 26.2;
				LOCALIZATION_PREFERS_STRING_CATALOGS = YES;
				MTL_ENABLE_DEBUG_INFO = INCLUDE_SOURCE;
				MTL_FAST_MATH = YES;
				ONLY_ACTIVE_ARCH = YES;
				SDKROOT = iphoneos;
				SWIFT_ACTIVE_COMPILATION_CONDITIONS = "DEBUG $(inherited)";
				SWIFT_OPTIMIZATION_LEVEL = "-Onone";
			};
			name = Debug;
		};
		0E334600300F7DF00032FFD1 /* Release */ = {
			isa = XCBuildConfiguration;
			buildSettings = {
				ALWAYS_SEARCH_USER_PATHS = NO;
				ASSETCATALOG_COMPILER_GENERATE_SWIFT_ASSET_SYMBOL_EXTENSIONS = YES;
				CLANG_ANALYZER_NONNULL = YES;
				CLANG_ANALYZER_NUMBER_OBJECT_CONVERSION = YES_AGGRESSIVE;
				CLANG_CXX_LANGUAGE_STANDARD = "gnu++20";
				CLANG_ENABLE_MODULES = YES;
				CLANG_ENABLE_OBJC_ARC = YES;
				CLANG_ENABLE_OBJC_WEAK = YES;
				CLANG_WARN_BLOCK_CAPTURE_AUTORELEASING = YES;
				CLANG_WARN_BOOL_CONVERSION = YES;
				CLANG_WARN_COMMA = YES;
				CLANG_WARN_CONSTANT_CONVERSION = YES;
				CLANG_WARN_DEPRECATED_OBJC_IMPLEMENTATIONS = YES;
				CLANG_WARN_DIRECT_OBJC_ISA_USAGE = YES_ERROR;
				CLANG_WARN_DOCUMENTATION_COMMENTS = YES;
				CLANG_WARN_EMPTY_BODY = YES;
				CLANG_WARN_ENUM_CONVERSION = YES;
				CLANG_WARN_INFINITE_RECURSION = YES;
				CLANG_WARN_INT_CONVERSION = YES;
				CLANG_WARN_NON_LITERAL_NULL_CONVERSION = YES;
				CLANG_WARN_OBJC_IMPLICIT_RETAIN_SELF = YES;
				CLANG_WARN_OBJC_LITERAL_CONVERSION = YES;
				CLANG_WARN_OBJC_ROOT_CLASS = YES_ERROR;
				CLANG_WARN_QUOTED_INCLUDE_IN_FRAMEWORK_HEADER = YES;
				CLANG_WARN_RANGE_LOOP_ANALYSIS = YES;
				CLANG_WARN_STRICT_PROTOTYPES = YES;
				CLANG_WARN_SUSPICIOUS_MOVE = YES;
				CLANG_WARN_UNGUARDED_AVAILABILITY = YES_AGGRESSIVE;
				CLANG_WARN_UNREACHABLE_CODE = YES;
				CLANG_WARN__DUPLICATE_METHOD_MATCH = YES;
				COPY_PHASE_STRIP = NO;
				DEBUG_INFORMATION_FORMAT = "dwarf-with-dsym";
				DEVELOPMENT_TEAM = 86SKTK882J;
				ENABLE_NS_ASSERTIONS = NO;
				ENABLE_STRICT_OBJC_MSGSEND = YES;
				ENABLE_USER_SCRIPT_SANDBOXING = YES;
				GCC_C_LANGUAGE_STANDARD = gnu17;
				GCC_NO_COMMON_BLOCKS = YES;
				GCC_WARN_64_TO_32_BIT_CONVERSION = YES;
				GCC_WARN_ABOUT_RETURN_TYPE = YES_ERROR;
				GCC_WARN_UNDECLARED_SELECTOR = YES;
				GCC_WARN_UNINITIALIZED_AUTOS = YES_AGGRESSIVE;
				GCC_WARN_UNUSED_FUNCTION = YES;
				GCC_WARN_UNUSED_VARIABLE = YES;
				IPHONEOS_DEPLOYMENT_TARGET = 26.2;
				LOCALIZATION_PREFERS_STRING_CATALOGS = YES;
				MTL_ENABLE_DEBUG_INFO = NO;
				MTL_FAST_MATH = YES;
				SDKROOT = iphoneos;
				SWIFT_COMPILATION_MODE = wholemodule;
				VALIDATE_PRODUCT = YES;
			};
			name = Release;
		};
		0E334602300F7DF00032FFD1 /* Debug */ = {
			isa = XCBuildConfiguration;
			buildSettings = {
				ASSETCATALOG_COMPILER_APPICON_NAME = AppIcon;
				ASSETCATALOG_COMPILER_GLOBAL_ACCENT_COLOR_NAME = AccentColor;
				CODE_SIGN_STYLE = Automatic;
				CURRENT_PROJECT_VERSION = 1;
				DEVELOPMENT_TEAM = 86SKTK882J;
				ENABLE_PREVIEWS = YES;
				GENERATE_INFOPLIST_FILE = YES;
				INFOPLIST_FILE = FinanceManager/Resources/Info.plist;
				INFOPLIST_KEY_CFBundleDisplayName = FM;
				INFOPLIST_KEY_UIApplicationSceneManifest_Generation = YES;
				INFOPLIST_KEY_UIApplicationSupportsIndirectInputEvents = YES;
				INFOPLIST_KEY_UILaunchScreen_Generation = YES;
				INFOPLIST_KEY_UISupportedInterfaceOrientations = UIInterfaceOrientationPortrait;
				INFOPLIST_KEY_UISupportedInterfaceOrientations_iPad = "UIInterfaceOrientationLandscapeLeft UIInterfaceOrientationLandscapeRight UIInterfaceOrientationPortrait UIInterfaceOrientationPortraitUpsideDown";
				IPHONEOS_DEPLOYMENT_TARGET = 17.6;
				LD_RUNPATH_SEARCH_PATHS = (
					"$(inherited)",
					"@executable_path/Frameworks",
				);
				MARKETING_VERSION = 1.0;
				PRODUCT_BUNDLE_IDENTIFIER = com.sugri.FinanceManager;
				PRODUCT_NAME = "$(TARGET_NAME)";
				STRING_CATALOG_GENERATE_SYMBOLS = YES;
				SUPPORTED_PLATFORMS = "iphoneos iphonesimulator";
				SUPPORTS_MACCATALYST = NO;
				SUPPORTS_MAC_DESIGNED_FOR_IPHONE_IPAD = NO;
				SUPPORTS_XR_DESIGNED_FOR_IPHONE_IPAD = NO;
				SWIFT_APPROACHABLE_CONCURRENCY = YES;
				SWIFT_DEFAULT_ACTOR_ISOLATION = MainActor;
				SWIFT_EMIT_LOC_STRINGS = YES;
				SWIFT_UPCOMING_FEATURE_MEMBER_IMPORT_VISIBILITY = YES;
				SWIFT_VERSION = 5.0;
				TARGETED_DEVICE_FAMILY = "1,2";
			};
			name = Debug;
		};
		0E334603300F7DF00032FFD1 /* Release */ = {
			isa = XCBuildConfiguration;
			buildSettings = {
				ASSETCATALOG_COMPILER_APPICON_NAME = AppIcon;
				ASSETCATALOG_COMPILER_GLOBAL_ACCENT_COLOR_NAME = AccentColor;
				CODE_SIGN_STYLE = Automatic;
				CURRENT_PROJECT_VERSION = 1;
				DEVELOPMENT_TEAM = 86SKTK882J;
				ENABLE_PREVIEWS = YES;
				GENERATE_INFOPLIST_FILE = YES;
				INFOPLIST_FILE = FinanceManager/Resources/Info.plist;
				INFOPLIST_KEY_CFBundleDisplayName = FM;
				INFOPLIST_KEY_UIApplicationSceneManifest_Generation = YES;
				INFOPLIST_KEY_UIApplicationSupportsIndirectInputEvents = YES;
				INFOPLIST_KEY_UILaunchScreen_Generation = YES;
				INFOPLIST_KEY_UISupportedInterfaceOrientations = UIInterfaceOrientationPortrait;
				INFOPLIST_KEY_UISupportedInterfaceOrientations_iPad = "UIInterfaceOrientationLandscapeLeft UIInterfaceOrientationLandscapeRight UIInterfaceOrientationPortrait UIInterfaceOrientationPortraitUpsideDown";
				IPHONEOS_DEPLOYMENT_TARGET = 17.6;
				LD_RUNPATH_SEARCH_PATHS = (
					"$(inherited)",
					"@executable_path/Frameworks",
				);
				MARKETING_VERSION = 1.0;
				PRODUCT_BUNDLE_IDENTIFIER = com.sugri.FinanceManager;
				PRODUCT_NAME = "$(TARGET_NAME)";
				STRING_CATALOG_GENERATE_SYMBOLS = YES;
				SUPPORTED_PLATFORMS = "iphoneos iphonesimulator";
				SUPPORTS_MACCATALYST = NO;
				SUPPORTS_MAC_DESIGNED_FOR_IPHONE_IPAD = NO;
				SUPPORTS_XR_DESIGNED_FOR_IPHONE_IPAD = NO;
				SWIFT_APPROACHABLE_CONCURRENCY = YES;
				SWIFT_DEFAULT_ACTOR_ISOLATION = MainActor;
				SWIFT_EMIT_LOC_STRINGS = YES;
				SWIFT_UPCOMING_FEATURE_MEMBER_IMPORT_VISIBILITY = YES;
				SWIFT_VERSION = 5.0;
				TARGETED_DEVICE_FAMILY = "1,2";
			};
			name = Release;
		};
		0E334605300F7DF00032FFD1 /* Debug */ = {
			isa = XCBuildConfiguration;
			buildSettings = {
				BUNDLE_LOADER = "$(TEST_HOST)";
				CODE_SIGN_STYLE = Automatic;
				CURRENT_PROJECT_VERSION = 1;
				DEVELOPMENT_TEAM = 86SKTK882J;
				GENERATE_INFOPLIST_FILE = YES;
				IPHONEOS_DEPLOYMENT_TARGET = 26.2;
				MARKETING_VERSION = 1.0;
				PRODUCT_BUNDLE_IDENTIFIER = com.sugri.FinanceManagerTests;
				PRODUCT_NAME = "$(TARGET_NAME)";
				STRING_CATALOG_GENERATE_SYMBOLS = NO;
				SWIFT_APPROACHABLE_CONCURRENCY = YES;
				SWIFT_EMIT_LOC_STRINGS = NO;
				SWIFT_UPCOMING_FEATURE_MEMBER_IMPORT_VISIBILITY = YES;
				SWIFT_VERSION = 5.0;
				TARGETED_DEVICE_FAMILY = "1,2";
				TEST_HOST = "$(BUILT_PRODUCTS_DIR)/FinanceManager.app/$(BUNDLE_EXECUTABLE_FOLDER_PATH)/FinanceManager";
			};
			name = Debug;
		};
		0E334606300F7DF00032FFD1 /* Release */ = {
			isa = XCBuildConfiguration;
			buildSettings = {
				BUNDLE_LOADER = "$(TEST_HOST)";
				CODE_SIGN_STYLE = Automatic;
				CURRENT_PROJECT_VERSION = 1;
				DEVELOPMENT_TEAM = 86SKTK882J;
				GENERATE_INFOPLIST_FILE = YES;
				IPHONEOS_DEPLOYMENT_TARGET = 26.2;
				MARKETING_VERSION = 1.0;
				PRODUCT_BUNDLE_IDENTIFIER = com.sugri.FinanceManagerTests;
				PRODUCT_NAME = "$(TARGET_NAME)";
				STRING_CATALOG_GENERATE_SYMBOLS = NO;
				SWIFT_APPROACHABLE_CONCURRENCY = YES;
				SWIFT_EMIT_LOC_STRINGS = NO;
				SWIFT_UPCOMING_FEATURE_MEMBER_IMPORT_VISIBILITY = YES;
				SWIFT_VERSION = 5.0;
				TARGETED_DEVICE_FAMILY = "1,2";
				TEST_HOST = "$(BUILT_PRODUCTS_DIR)/FinanceManager.app/$(BUNDLE_EXECUTABLE_FOLDER_PATH)/FinanceManager";
			};
			name = Release;
		};
		0E334608300F7DF00032FFD1 /* Debug */ = {
			isa = XCBuildConfiguration;
			buildSettings = {
				CODE_SIGN_STYLE = Automatic;
				CURRENT_PROJECT_VERSION = 1;
				DEVELOPMENT_TEAM = 86SKTK882J;
				GENERATE_INFOPLIST_FILE = YES;
				MARKETING_VERSION = 1.0;
				PRODUCT_BUNDLE_IDENTIFIER = com.sugri.FinanceManagerUITests;
				PRODUCT_NAME = "$(TARGET_NAME)";
				STRING_CATALOG_GENERATE_SYMBOLS = NO;
				SWIFT_APPROACHABLE_CONCURRENCY = YES;
				SWIFT_EMIT_LOC_STRINGS = NO;
				SWIFT_UPCOMING_FEATURE_MEMBER_IMPORT_VISIBILITY = YES;
				SWIFT_VERSION = 5.0;
				TARGETED_DEVICE_FAMILY = "1,2";
				TEST_TARGET_NAME = FinanceManager;
			};
			name = Debug;
		};
		0E334609300F7DF00032FFD1 /* Release */ = {
			isa = XCBuildConfiguration;
			buildSettings = {
				CODE_SIGN_STYLE = Automatic;
				CURRENT_PROJECT_VERSION = 1;
				DEVELOPMENT_TEAM = 86SKTK882J;
				GENERATE_INFOPLIST_FILE = YES;
				MARKETING_VERSION = 1.0;
				PRODUCT_BUNDLE_IDENTIFIER = com.sugri.FinanceManagerUITests;
				PRODUCT_NAME = "$(TARGET_NAME)";
				STRING_CATALOG_GENERATE_SYMBOLS = NO;
				SWIFT_APPROACHABLE_CONCURRENCY = YES;
				SWIFT_EMIT_LOC_STRINGS = NO;
				SWIFT_UPCOMING_FEATURE_MEMBER_IMPORT_VISIBILITY = YES;
				SWIFT_VERSION = 5.0;
				TARGETED_DEVICE_FAMILY = "1,2";
				TEST_TARGET_NAME = FinanceManager;
			};
			name = Release;
		};
/* End XCBuildConfiguration section */

/* Begin XCConfigurationList section */
		0E3345DB300F7DEE0032FFD1 /* Build configuration list for PBXProject "FinanceManager" */ = {
			isa = XCConfigurationList;
			buildConfigurations = (
				0E3345FF300F7DF00032FFD1 /* Debug */,
				0E334600300F7DF00032FFD1 /* Release */,
			);
			defaultConfigurationIsVisible = 0;
			defaultConfigurationName = Release;
		};
		0E334601300F7DF00032FFD1 /* Build configuration list for PBXNativeTarget "FinanceManager" */ = {
			isa = XCConfigurationList;
			buildConfigurations = (
				0E334602300F7DF00032FFD1 /* Debug */,
				0E334603300F7DF00032FFD1 /* Release */,
			);
			defaultConfigurationIsVisible = 0;
			defaultConfigurationName = Release;
		};
		0E334604300F7DF00032FFD1 /* Build configuration list for PBXNativeTarget "FinanceManagerTests" */ = {
			isa = XCConfigurationList;
			buildConfigurations = (
				0E334605300F7DF00032FFD1 /* Debug */,
				0E334606300F7DF00032FFD1 /* Release */,
			);
			defaultConfigurationIsVisible = 0;
			defaultConfigurationName = Release;
		};
		0E334607300F7DF00032FFD1 /* Build configuration list for PBXNativeTarget "FinanceManagerUITests" */ = {
			isa = XCConfigurationList;
			buildConfigurations = (
				0E334608300F7DF00032FFD1 /* Debug */,
				0E334609300F7DF00032FFD1 /* Release */,
			);
			defaultConfigurationIsVisible = 0;
			defaultConfigurationName = Release;
		};
/* End XCConfigurationList section */

/* Begin XCRemoteSwiftPackageReference section */
		0E6D71B230121B6A00521F65 /* XCRemoteSwiftPackageReference "Swinject" */ = {
			isa = XCRemoteSwiftPackageReference;
			repositoryURL = "https://github.com/Swinject/Swinject.git";
			requirement = {
				kind = upToNextMajorVersion;
				minimumVersion = 2.10.0;
			};
		};
/* End XCRemoteSwiftPackageReference section */

/* Begin XCSwiftPackageProductDependency section */
		0E2415793030DE17008CF01E /* MainTabView */ = {
			isa = XCSwiftPackageProductDependency;
			productName = MainTabView;
		};
		0E24157C3030DE4F008CF01E /* RootView */ = {
			isa = XCSwiftPackageProductDependency;
			productName = RootView;
		};
		0E32F22B3030EAA5000D72C0 /* AppDI */ = {
			isa = XCSwiftPackageProductDependency;
			productName = AppDI;
		};
		0E6D71B330121B8900521F65 /* Swinject */ = {
			isa = XCSwiftPackageProductDependency;
			package = 0E6D71B230121B6A00521F65 /* XCRemoteSwiftPackageReference "Swinject" */;
			productName = Swinject;
		};
		0E6D723F3012819500521F65 /* Authorization */ = {
			isa = XCSwiftPackageProductDependency;
			productName = Authorization;
		};
		0E6D72413012819800521F65 /* AuthorizationData */ = {
			isa = XCSwiftPackageProductDependency;
			productName = AuthorizationData;
		};
		0E6D72433012819D00521F65 /* AuthorizationDomain */ = {
			isa = XCSwiftPackageProductDependency;
			productName = AuthorizationDomain;
		};
		0E9494D33030F07000074F89 /* WelcomeView */ = {
			isa = XCSwiftPackageProductDependency;
			productName = WelcomeView;
		};
		0EA67299301A33A900391702 /* Account */ = {
			isa = XCSwiftPackageProductDependency;
			productName = Account;
		};
		0EA6729B301A33AC00391702 /* AccountData */ = {
			isa = XCSwiftPackageProductDependency;
			productName = AccountData;
		};
		0EA6729D301A33AF00391702 /* AccountDomain */ = {
			isa = XCSwiftPackageProductDependency;
			productName = AccountDomain;
		};
		0EC181403010E860005B9337 /* Core */ = {
			isa = XCSwiftPackageProductDependency;
			productName = Core;
		};
		0EDE7FA9302E0279006DA7C3 /* AppSession */ = {
			isa = XCSwiftPackageProductDependency;
			productName = AppSession;
		};
/* End XCSwiftPackageProductDependency section */
	};
	rootObject = 0E3345D8300F7DEE0032FFD1 /* Project object */;
}
